// !$*UTF8*$!
{
	archiveVersion = 1;
	classes = {
	};
	objectVersion = 50;
	objects = {

/* Begin PBXBuildFile section */
		F4D380642533D00000558C8A /* AppDelegate.swift in Sources */ = {isa = PBXBuildFile; fileRef = F4D380632533D00000558C8A /* AppDelegate.swift */; };
		F4D380662533D00000558C8A /* SceneDelegate.swift in Sources */ = {isa = PBXBuildFile; fileRef = F4D380652533D00000558C8A /* SceneDelegate.swift */; };
		F4D380682533D00000558C8A /* ViewController.swift in Sources */ = {isa = PBXBuildFile; fileRef = F4D380672533D00000558C8A /* ViewController.swift */; };
		F4D3806B2533D00000558C8A /* Main.storyboard in Resources */ = {isa = PBXBuildFile; fileRef = F4D380692533D00000558C8A /* Main.storyboard */; };
		F4D3806D2533D00200558C8A /* Assets.xcassets in Resources */ = {isa = PBXBuildFile; fileRef = F4D3806C2533D00200558C8A /* Assets.xcassets */; };
		F4D380702533D00200558C8A /* LaunchScreen.storyboard in Resources */ = {isa = PBXBuildFile; fileRef = F4D3806E2533D00200558C8A /* LaunchScreen.storyboard */; };
		F4D3807B2533D00300558C8A /* tipTests.swift in Sources */ = {isa = PBXBuildFile; fileRef = F4D3807A2533D00300558C8A /* tipTests.swift */; };
		F4D380862533D00300558C8A /* tipUITests.swift in Sources */ = {isa = PBXBuildFile; fileRef = F4D380852533D00300558C8A /* tipUITests.swift */; };
/* End PBXBuildFile section */

/* Begin PBXContainerItemProxy section */
		F4D380772533D00300558C8A /* PBXContainerItemProxy */ = {
			isa = PBXContainerItemProxy;
			containerPortal = F4D380582533D00000558C8A /* Project object */;
			proxyType = 1;
			remoteGlobalIDString = F4D3805F2533D00000558C8A;
			remoteInfo = tip;
		};
		F4D380822533D00300558C8A /* PBXContainerItemProxy */ = {
			isa = PBXContainerItemProxy;
			containerPortal = F4D380582533D00000558C8A /* Project object */;
			proxyType = 1;
			remoteGlobalIDString = F4D3805F2533D00000558C8A;
			remoteInfo = tip;
		};
/* End PBXContainerItemProxy section */

/* Begin PBXFileReference section */
		F4D380602533D00000558C8A /* tip.app */ = {isa = PBXFileReference; explicitFileType = wrapper.application; includeInIndex = 0; path = tip.app; sourceTree = BUILT_PRODUCTS_DIR; };
		F4D380632533D00000558C8A /* AppDelegate.swift */ = {isa = PBXFileReference; lastKnownFileType = sourcecode.swift; path = AppDelegate.swift; sourceTree = "<group>"; };
		F4D380652533D00000558C8A /* SceneDelegate.swift */ = {isa = PBXFileReference; lastKnownFileType = sourcecode.swift; path = SceneDelegate.swift; sourceTree = "<group>"; };
		F4D380672533D00000558C8A /* ViewController.swift */ = {isa = PBXFileReference; lastKnownFileType = sourcecode.swift; path = ViewController.swift; sourceTree = "<group>"; };
		F4D3806A2533D00000558C8A /* Base */ = {isa = PBXFileReference; lastKnownFileType = file.storyboard; name = Base; path = Base.lproj/Main.storyboard; sourceTree = "<group>"; };
		F4D3806C2533D00200558C8A /* Assets.xcassets */ = {isa = PBXFileReference; lastKnownFileType = folder.assetcatalog; path = Assets.xcassets; sourceTree = "<group>"; };
		F4D3806F2533D00200558C8A /* Base */ = {isa = PBXFileReference; lastKnownFileType = file.storyboard; name = Base; path = Base.lproj/LaunchScreen.storyboard; sourceTree = "<group>"; };
		F4D380712533D00200558C8A /* Info.plist */ = {isa = PBXFileReference; lastKnownFileType = text.plist.xml; path = Info.plist; sourceTree = "<group>"; };
		F4D380762533D00300558C8A /* tipTests.xctest */ = {isa = PBXFileReference; explicitFileType = wrapper.cfbundle; includeInIndex = 0; path = tipTests.xctest; sourceTree = BUILT_PRODUCTS_DIR; };
		F4D3807A2533D00300558C8A /* tipTests.swift */ = {isa = PBXFileReference; lastKnownFileType = sourcecode.swift; path = tipTests.swift; sourceTree = "<group>"; };
		F4D3807C2533D00300558C8A /* Info.plist */ = {isa = PBXFileReference; lastKnownFileType = text.plist.xml; path = Info.plist; sourceTree = "<group>"; };
		F4D380812533D00300558C8A /* tipUITests.xctest */ = {isa = PBXFileReference; explicitFileType = wrapper.cfbundle; includeInIndex = 0; path = tipUITests.xctest; sourceTree = BUILT_PRODUCTS_DIR; };
		F4D380852533D00300558C8A /* tipUITests.swift */ = {isa = PBXFileReference; lastKnownFileType = sourcecode.swift; path = tipUITests.swift; sourceTree = "<group>"; };
		F4D380872533D00300558C8A /* Info.plist */ = {isa = PBXFileReference; lastKnownFileType = text.plist.xml; path = Info.plist; sourceTree = "<group>"; };
/* End PBXFileReference section */

/* Begin PBXFrameworksBuildPhase section */
		F4D3805D2533D00000558C8A /* Frameworks */ = {
			isa = PBXFrameworksBuildPhase;
			buildActionMask = 2147483647;
			files = (
			);
			runOnlyForDeploymentPostprocessing = 0;
		};
		F4D380732533D00300558C8A /* Frameworks */ = {
			isa = PBXFrameworksBuildPhase;
			buildActionMask = 2147483647;
			files = (
			);
			runOnlyForDeploymentPostprocessing = 0;
		};
		F4D3807E2533D00300558C8A /* Frameworks */ = {
			isa = PBXFrameworksBuildPhase;
			buildActionMask = 2147483647;
			files = (
			);
			runOnlyForDeploymentPostprocessing = 0;
		};
/* End PBXFrameworksBuildPhase section */

/* Begin PBXGroup section */
		F4D380572533D00000558C8A = {
			isa = PBXGroup;
			children = (
				F4D380622533D00000558C8A /* tip */,
				F4D380792533D00300558C8A /* tipTests */,
				F4D380842533D00300558C8A /* tipUITests */,
				F4D380612533D00000558C8A /* Products */,
			);
			sourceTree = "<group>";
		};
		F4D380612533D00000558C8A /* Products */ = {
			isa = PBXGroup;
			children = (
				F4D380602533D00000558C8A /* tip.app */,
				F4D380762533D00300558C8A /* tipTests.xctest */,
				F4D380812533D00300558C8A /* tipUITests.xctest */,
			);
			name = Products;
			sourceTree = "<group>";
		};
		F4D380622533D00000558C8A /* tip */ = {
			isa = PBXGroup;
			children = (
				F4D380632533D00000558C8A /* AppDelegate.swift */,
				F4D380652533D00000558C8A /* SceneDelegate.swift */,
				F4D380672533D00000558C8A /* ViewController.swift */,
				F4D380692533D00000558C8A /* Main.storyboard */,
				F4D3806C2533D00200558C8A /* Assets.xcassets */,
				F4D3806E2533D00200558C8A /* LaunchScreen.storyboard */,
				F4D380712533D00200558C8A /* Info.plist */,
			);
			path = tip;
			sourceTree = "<group>";
		};
		F4D380792533D00300558C8A /* tipTests */ = {
			isa = PBXGroup;
			children = (
				F4D3807A2533D00300558C8A /* tipTests.swift */,
				F4D3807C2533D00300558C8A /* Info.plist */,
			);
			path = tipTests;
			sourceTree = "<group>";
		};
		F4D380842533D00300558C8A /* tipUITests */ = {
			isa = PBXGroup;
			children = (
				F4D380852533D00300558C8A /* tipUITests.swift */,
				F4D380872533D00300558C8A /* Info.plist */,
			);
			path = tipUITests;
			sourceTree = "<group>";
		};
/* End PBXGroup section */

/* Begin PBXNativeTarget section */
		F4D3805F2533D00000558C8A /* tip */ = {
			isa = PBXNativeTarget;
			buildConfigurationList = F4D3808A2533D00300558C8A /* Build configuration list for PBXNativeTarget "tip" */;
			buildPhases = (
				F4D3805C2533D00000558C8A /* Sources */,
				F4D3805D2533D00000558C8A /* Frameworks */,
				F4D3805E2533D00000558C8A /* Resources */,
			);
			buildRules = (
			);
			dependencies = (
			);
			name = tip;
			productName = tip;
			productReference = F4D380602533D00000558C8A /* tip.app */;
			productType = "com.apple.product-type.application";
		};
		F4D380752533D00300558C8A /* tipTests */ = {
			isa = PBXNativeTarget;
			buildConfigurationList = F4D3808D2533D00300558C8A /* Build configuration list for PBXNativeTarget "tipTests" */;
			buildPhases = (
				F4D380722533D00300558C8A /* Sources */,
				F4D380732533D00300558C8A /* Frameworks */,
				F4D380742533D00300558C8A /* Resources */,
			);
			buildRules = (
			);
			dependencies = (
				F4D380782533D00300558C8A /* PBXTargetDependency */,
			);
			name = tipTests;
			productName = tipTests;
			productReference = F4D380762533D00300558C8A /* tipTests.xctest */;
			productType = "com.apple.product-type.bundle.unit-test";
		};
		F4D380802533D00300558C8A /* tipUITests */ = {
			isa = PBXNativeTarget;
			buildConfigurationList = F4D380902533D00300558C8A /* Build configuration list for PBXNativeTarget "tipUITests" */;
			buildPhases = (
				F4D3807D2533D00300558C8A /* Sources */,
				F4D3807E2533D00300558C8A /* Frameworks */,
				F4D3807F2533D00300558C8A /* Resources */,
			);
			buildRules = (
			);
			dependencies = (
				F4D380832533D00300558C8A /* PBXTargetDependency */,
			);
			name = tipUITests;
			productName = tipUITests;
			productReference = F4D380812533D00300558C8A /* tipUITests.xctest */;
			productType = "com.apple.product-type.bundle.ui-testing";
		};
/* End PBXNativeTarget section */

/* Begin PBXProject section */
		F4D380582533D00000558C8A /* Project object */ = {
			isa = PBXProject;
			attributes = {
				LastSwiftUpdateCheck = 1100;
				LastUpgradeCheck = 1100;
				ORGANIZATIONNAME = codepath;
				TargetAttributes = {
					F4D3805F2533D00000558C8A = {
						CreatedOnToolsVersion = 11.0;
					};
					F4D380752533D00300558C8A = {
						CreatedOnToolsVersion = 11.0;
						TestTargetID = F4D3805F2533D00000558C8A;
					};
					F4D380802533D00300558C8A = {
						CreatedOnToolsVersion = 11.0;
						TestTargetID = F4D3805F2533D00000558C8A;
					};
				};
			};
			buildConfigurationList = F4D3805B2533D00000558C8A /* Build configuration list for PBXProject "tip" */;
			compatibilityVersion = "Xcode 9.3";
			developmentRegion = en;
			hasScannedForEncodings = 0;
			knownRegions = (
				en,
				Base,
			);
			mainGroup = F4D380572533D00000558C8A;
			productRefGroup = F4D380612533D00000558C8A /* Products */;
			projectDirPath = "";
			projectRoot = "";
			targets = (
				F4D3805F2533D00000558C8A /* tip */,
				F4D380752533D00300558C8A /* tipTests */,
				F4D380802533D00300558C8A /* tipUITests */,
			);
		};
/* End PBXProject section */

/* Begin PBXResourcesBuildPhase section */
		F4D3805E2533D00000558C8A /* Resources */ = {
			isa = PBXResourcesBuildPhase;
			buildActionMask = 2147483647;
			files = (
				F4D380702533D00200558C8A /* LaunchScreen.storyboard in Resources */,
				F4D3806D2533D00200558C8A /* Assets.xcassets in Resources */,
				F4D3806B2533D00000558C8A /* Main.storyboard in Resources */,
			);
			runOnlyForDeploymentPostprocessing = 0;
		};
		F4D380742533D00300558C8A /* Resources */ = {
			isa = PBXResourcesBuildPhase;
			buildActionMask = 2147483647;
			files = (
			);
			runOnlyForDeploymentPostprocessing = 0;
		};
		F4D3807F2533D00300558C8A /* Resources */ = {
			isa = PBXResourcesBuildPhase;
			buildActionMask = 2147483647;
			files = (
			);
			runOnlyForDeploymentPostprocessing = 0;
		};
/* End PBXResourcesBuildPhase section */

/* Begin PBXSourcesBuildPhase section */
		F4D3805C2533D00000558C8A /* Sources */ = {
			isa = PBXSourcesBuildPhase;
			buildActionMask = 2147483647;
			files = (
				F4D380682533D00000558C8A /* ViewController.swift in Sources */,
				F4D380642533D00000558C8A /* AppDelegate.swift in Sources */,
				F4D380662533D00000558C8A /* SceneDelegate.swift in Sources */,
			);
			runOnlyForDeploymentPostprocessing = 0;
		};
		F4D380722533D00300558C8A /* Sources */ = {
			isa = PBXSourcesBuildPhase;
			buildActionMask = 2147483647;
			files = (
				F4D3807B2533D00300558C8A /* tipTests.swift in Sources */,
			);
			runOnlyForDeploymentPostprocessing = 0;
		};
		F4D3807D2533D00300558C8A /* Sources */ = {
			isa = PBXSourcesBuildPhase;
			buildActionMask = 2147483647;
			files = (
				F4D380862533D00300558C8A /* tipUITests.swift in Sources */,
			);
			runOnlyForDeploymentPostprocessing = 0;
		};
/* End PBXSourcesBuildPhase section */

/* Begin PBXTargetDependency section */
		F4D380782533D00300558C8A /* PBXTargetDependency */ = {
			isa = PBXTargetDependency;
			target = F4D3805F2533D00000558C8A /* tip */;
			targetProxy = F4D380772533D00300558C8A /* PBXContainerItemProxy */;
		};
		F4D380832533D00300558C8A /* PBXTargetDependency */ = {
			isa = PBXTargetDependency;
			target = F4D3805F2533D00000558C8A /* tip */;
			targetProxy = F4D380822533D00300558C8A /* PBXContainerItemProxy */;
		};
/* End PBXTargetDependency section */

/* Begin PBXVariantGroup section */
		F4D380692533D00000558C8A /* Main.storyboard */ = {
			isa = PBXVariantGroup;
			children = (
				F4D3806A2533D00000558C8A /* Base */,
			);
			name = Main.storyboard;
			sourceTree = "<group>";
		};
		F4D3806E2533D00200558C8A /* LaunchScreen.storyboard */ = {
			isa = PBXVariantGroup;
			children = (
				F4D3806F2533D00200558C8A /* Base */,
			);
			name = LaunchScreen.storyboard;
			sourceTree = "<group>";
		};
/* End PBXVariantGroup section */

/* Begin XCBuildConfiguration section */
		F4D380882533D00300558C8A /* Debug */ = {
			isa = XCBuildConfiguration;
			buildSettings = {
				ALWAYS_SEARCH_USER_PATHS = NO;
				CLANG_ANALYZER_NONNULL = YES;
				CLANG_ANALYZER_NUMBER_OBJECT_CONVERSION = YES_AGGRESSIVE;
				CLANG_CXX_LANGUAGE_STANDARD = "gnu++14";
				CLANG_CXX_LIBRARY = "libc++";
				CLANG_ENABLE_MODULES = YES;
				CLANG_ENABLE_OBJC_ARC = YES;
				CLANG_ENABLE_OBJC_WEAK = YES;
				CLANG_WARN_BLOCK_CAPTURE_AUTORELEASING = YES;
				CLANG_WARN_BOOL_CONVERSION = YES;
				CLANG_WARN_COMMA = YES;
				CLANG_WARN_CONSTANT_CONVERSION = YES;
				CLANG_WARN_DEPRECATED_OBJC_IMPLEMENTATIONS = YES;
				CLANG_WARN_DIRECT_OBJC_ISA_USAGE = YES_ERROR;
				CLANG_WARN_DOCUMENTATION_COMMENTS = YES;
				CLANG_WARN_EMPTY_BODY = YES;
				CLANG_WARN_ENUM_CONVERSION = YES;
				CLANG_WARN_INFINITE_RECURSION = YES;
				CLANG_WARN_INT_CONVERSION = YES;
				CLANG_WARN_NON_LITERAL_NULL_CONVERSION = YES;
				CLANG_WARN_OBJC_IMPLICIT_RETAIN_SELF = YES;
				CLANG_WARN_OBJC_LITERAL_CONVERSION = YES;
				CLANG_WARN_OBJC_ROOT_CLASS = YES_ERROR;
				CLANG_WARN_RANGE_LOOP_ANALYSIS = YES;
				CLANG_WARN_STRICT_PROTOTYPES = YES;
				CLANG_WARN_SUSPICIOUS_MOVE = YES;
				CLANG_WARN_UNGUARDED_AVAILABILITY = YES_AGGRESSIVE;
				CLANG_WARN_UNREACHABLE_CODE = YES;
				CLANG_WARN__DUPLICATE_METHOD_MATCH = YES;
				COPY_PHASE_STRIP = NO;
				DEBUG_INFORMATION_FORMAT = dwarf;
				ENABLE_STRICT_OBJC_MSGSEND = YES;
				ENABLE_TESTABILITY = YES;
				GCC_C_LANGUAGE_STANDARD = gnu11;
				GCC_DYNAMIC_NO_PIC = NO;
				GCC_NO_COMMON_BLOCKS = YES;
				GCC_OPTIMIZATION_LEVEL = 0;
				GCC_PREPROCESSOR_DEFINITIONS = (
					"DEBUG=1",
					"$(inherited)",
				);
				GCC_WARN_64_TO_32_BIT_CONVERSION = YES;
				GCC_WARN_ABOUT_RETURN_TYPE = YES_ERROR;
				GCC_WARN_UNDECLARED_SELECTOR = YES;
				GCC_WARN_UNINITIALIZED_AUTOS = YES_AGGRESSIVE;
				GCC_WARN_UNUSED_FUNCTION = YES;
				GCC_WARN_UNUSED_VARIABLE = YES;
				IPHONEOS_DEPLOYMENT_TARGET = 13.0;
				MTL_ENABLE_DEBUG_INFO = INCLUDE_SOURCE;
				MTL_FAST_MATH = YES;
				ONLY_ACTIVE_ARCH = YES;
				SDKROOT = iphoneos;
				SWIFT_ACTIVE_COMPILATION_CONDITIONS = DEBUG;
				SWIFT_OPTIMIZATION_LEVEL = "-Onone";
			};
			name = Debug;
		};
		F4D380892533D00300558C8A /* Release */ = {
			isa = XCBuildConfiguration;
			buildSettings = {
				ALWAYS_SEARCH_USER_PATHS = NO;
				CLANG_ANALYZER_NONNULL = YES;
				CLANG_ANALYZER_NUMBER_OBJECT_CONVERSION = YES_AGGRESSIVE;
				CLANG_CXX_LANGUAGE_STANDARD = "gnu++14";
				CLANG_CXX_LIBRARY = "libc++";
				CLANG_ENABLE_MODULES = YES;
				CLANG_ENABLE_OBJC_ARC = YES;
				CLANG_ENABLE_OBJC_WEAK = YES;
				CLANG_WARN_BLOCK_CAPTURE_AUTORELEASING = YES;
				CLANG_WARN_BOOL_CONVERSION = YES;
				CLANG_WARN_COMMA = YES;
				CLANG_WARN_CONSTANT_CONVERSION = YES;
				CLANG_WARN_DEPRECATED_OBJC_IMPLEMENTATIONS = YES;
				CLANG_WARN_DIRECT_OBJC_ISA_USAGE = YES_ERROR;
				CLANG_WARN_DOCUMENTATION_COMMENTS = YES;
				CLANG_WARN_EMPTY_BODY = YES;
				CLANG_WARN_ENUM_CONVERSION = YES;
				CLANG_WARN_INFINITE_RECURSION = YES;
				CLANG_WARN_INT_CONVERSION = YES;
				CLANG_WARN_NON_LITERAL_NULL_CONVERSION = YES;
				CLANG_WARN_OBJC_IMPLICIT_RETAIN_SELF = YES;
				CLANG_WARN_OBJC_LITERAL_CONVERSION = YES;
				CLANG_WARN_OBJC_ROOT_CLASS = YES_ERROR;
				CLANG_WARN_RANGE_LOOP_ANALYSIS = YES;
				CLANG_WARN_STRICT_PROTOTYPES = YES;
				CLANG_WARN_SUSPICIOUS_MOVE = YES;
				CLANG_WARN_UNGUARDED_AVAILABILITY = YES_AGGRESSIVE;
				CLANG_WARN_UNREACHABLE_CODE = YES;
				CLANG_WARN__DUPLICATE_METHOD_MATCH = YES;
				COPY_PHASE_STRIP = NO;
				DEBUG_INFORMATION_FORMAT = "dwarf-with-dsym";
				ENABLE_NS_ASSERTIONS = NO;
				ENABLE_STRICT_OBJC_MSGSEND = YES;
				GCC_C_LANGUAGE_STANDARD = gnu11;
				GCC_NO_COMMON_BLOCKS = YES;
				GCC_WARN_64_TO_32_BIT_CONVERSION = YES;
				GCC_WARN_ABOUT_RETURN_TYPE = YES_ERROR;
				GCC_WARN_UNDECLARED_SELECTOR = YES;
				GCC_WARN_UNINITIALIZED_AUTOS = YES_AGGRESSIVE;
				GCC_WARN_UNUSED_FUNCTION = YES;
				GCC_WARN_UNUSED_VARIABLE = YES;
				IPHONEOS_DEPLOYMENT_TARGET = 13.0;
				MTL_ENABLE_DEBUG_INFO = NO;
				MTL_FAST_MATH = YES;
				SDKROOT = iphoneos;
				SWIFT_COMPILATION_MODE = wholemodule;
				SWIFT_OPTIMIZATION_LEVEL = "-O";
				VALIDATE_PRODUCT = YES;
			};
			name = Release;
		};
		F4D3808B2533D00300558C8A /* Debug */ = {
			isa = XCBuildConfiguration;
			buildSettings = {
				ASSETCATALOG_COMPILER_APPICON_NAME = AppIcon;
				CODE_SIGN_STYLE = Automatic;
				INFOPLIST_FILE = tip/Info.plist;
				LD_RUNPATH_SEARCH_PATHS = (
					"$(inherited)",
					"@executable_path/Frameworks",
				);
				PRODUCT_BUNDLE_IDENTIFIER = com.odepath.tip;
				PRODUCT_NAME = "$(TARGET_NAME)";
				SWIFT_VERSION = 5.0;
				TARGETED_DEVICE_FAMILY = "1,2";
			};
			name = Debug;
		};
		F4D3808C2533D00300558C8A /* Release */ = {
			isa = XCBuildConfiguration;
			buildSettings = {
				ASSETCATALOG_COMPILER_APPICON_NAME = AppIcon;
				CODE_SIGN_STYLE = Automatic;
				INFOPLIST_FILE = tip/Info.plist;
				LD_RUNPATH_SEARCH_PATHS = (
					"$(inherited)",
					"@executable_path/Frameworks",
				);
				PRODUCT_BUNDLE_IDENTIFIER = com.odepath.tip;
				PRODUCT_NAME = "$(TARGET_NAME)";
				SWIFT_VERSION = 5.0;
				TARGETED_DEVICE_FAMILY = "1,2";
			};
			name = Release;
		};
		F4D3808E2533D00300558C8A /* Debug */ = {
			isa = XCBuildConfiguration;
			buildSettings = {
				ALWAYS_EMBED_SWIFT_STANDARD_LIBRARIES = YES;
				BUNDLE_LOADER = "$(TEST_HOST)";
				CODE_SIGN_STYLE = Automatic;
				INFOPLIST_FILE = tipTests/Info.plist;
				IPHONEOS_DEPLOYMENT_TARGET = 13.0;
				LD_RUNPATH_SEARCH_PATHS = (
					"$(inherited)",
					"@executable_path/Frameworks",
					"@loader_path/Frameworks",
				);
				PRODUCT_BUNDLE_IDENTIFIER = codepath.tipTests;
				PRODUCT_NAME = "$(TARGET_NAME)";
				SWIFT_VERSION = 5.0;
				TARGETED_DEVICE_FAMILY = "1,2";
				TEST_HOST = "$(BUILT_PRODUCTS_DIR)/tip.app/tip";
			};
			name = Debug;
		};
		F4D3808F2533D00300558C8A /* Release */ = {
			isa = XCBuildConfiguration;
			buildSettings = {
				ALWAYS_EMBED_SWIFT_STANDARD_LIBRARIES = YES;
				BUNDLE_LOADER = "$(TEST_HOST)";
				CODE_SIGN_STYLE = Automatic;
				INFOPLIST_FILE = tipTests/Info.plist;
				IPHONEOS_DEPLOYMENT_TARGET = 13.0;
				LD_RUNPATH_SEARCH_PATHS = (
					"$(inherited)",
					"@executable_path/Frameworks",
					"@loader_path/Frameworks",
				);
				PRODUCT_BUNDLE_IDENTIFIER = codepath.tipTests;
				PRODUCT_NAME = "$(TARGET_NAME)";
				SWIFT_VERSION = 5.0;
				TARGETED_DEVICE_FAMILY = "1,2";
				TEST_HOST = "$(BUILT_PRODUCTS_DIR)/tip.app/tip";
			};
			name = Release;
		};
		F4D380912533D00300558C8A /* Debug */ = {
			isa = XCBuildConfiguration;
			buildSettings = {
				ALWAYS_EMBED_SWIFT_STANDARD_LIBRARIES = YES;
				CODE_SIGN_STYLE = Automatic;
				INFOPLIST_FILE = tipUITests/Info.plist;
				LD_RUNPATH_SEARCH_PATHS = (
					"$(inherited)",
					"@executable_path/Frameworks",
					"@loader_path/Frameworks",
				);
				PRODUCT_BUNDLE_IDENTIFIER = codepath.tipUITests;
				PRODUCT_NAME = "$(TARGET_NAME)";
				SWIFT_VERSION = 5.0;
				TARGETED_DEVICE_FAMILY = "1,2";
				TEST_TARGET_NAME = tip;
			};
			name = Debug;
		};
		F4D380922533D00300558C8A /* Release */ = {
			isa = XCBuildConfiguration;
			buildSettings = {
				ALWAYS_EMBED_SWIFT_STANDARD_LIBRARIES = YES;
				CODE_SIGN_STYLE = Automatic;
				INFOPLIST_FILE = tipUITests/Info.plist;
				LD_RUNPATH_SEARCH_PATHS = (
					"$(inherited)",
					"@executable_path/Frameworks",
					"@loader_path/Frameworks",
				);
				PRODUCT_BUNDLE_IDENTIFIER = codepath.tipUITests;
				PRODUCT_NAME = "$(TARGET_NAME)";
				SWIFT_VERSION = 5.0;
				TARGETED_DEVICE_FAMILY = "1,2";
				TEST_TARGET_NAME = tip;
			};
			name = Release;
		};
/* End XCBuildConfiguration section */

/* Begin XCConfigurationList section */
		F4D3805B2533D00000558C8A /* Build configuration list for PBXProject "tip" */ = {
			isa = XCConfigurationList;
			buildConfigurations = (
				F4D380882533D00300558C8A /* Debug */,
				F4D380892533D00300558C8A /* Release */,
			);
			defaultConfigurationIsVisible = 0;
			defaultConfigurationName = Release;
		};
		F4D3808A2533D00300558C8A /* Build configuration list for PBXNativeTarget "tip" */ = {
			isa = XCConfigurationList;
			buildConfigurations = (
				F4D3808B2533D00300558C8A /* Debug */,
				F4D3808C2533D00300558C8A /* Release */,
			);
			defaultConfigurationIsVisible = 0;
			defaultConfigurationName = Release;
		};
		F4D3808D2533D00300558C8A /* Build configuration list for PBXNativeTarget "tipTests" */ = {
			isa = XCConfigurationList;
			buildConfigurations = (
				F4D3808E2533D00300558C8A /* Debug */,
				F4D3808F2533D00300558C8A /* Release */,
			);
			defaultConfigurationIsVisible = 0;
			defaultConfigurationName = Release;
		};
		F4D380902533D00300558C8A /* Build configuration list for PBXNativeTarget "tipUITests" */ = {
			isa = XCConfigurationList;
			buildConfigurations = (
				F4D380912533D00300558C8A /* Debug */,
				F4D380922533D00300558C8A /* Release */,
			);
			defaultConfigurationIsVisible = 0;
			defaultConfigurationName = Release;
		};
/* End XCConfigurationList section */
	};
	rootObject = F4D380582533D00000558C8A /* Project object */;
}
